
Microsoft Visual Studio Solution File, Format Version 12.00
# Visual Studio 14
VisualStudioVersion = 14.0.25420.1
MinimumVisualStudioVersion = 10.0.40219.1
Project("{FAE04EC0-301F-11D3-BF4B-00C04F79EFBC}") = "GorrettiBoutique", "GorrettiBoutique\GorrettiBoutique.csproj", "{355D9826-96C4-4D2E-B932-0B715A4D3E5E}"
EndProject
Project("{FAE04EC0-301F-11D3-BF4B-00C04F79EFBC}") = "GorrettiBoutique.Tests", "GorrettiBoutique.Tests\GorrettiBoutique.Tests.csproj", "{2E6FD00A-0895-4F5B-868B-6061899312C6}"
EndProject
Global
	GlobalSection(SolutionConfigurationPlatforms) = preSolution
		Debug|Any CPU = Debug|Any CPU
		Release|Any CPU = Release|Any CPU
	EndGlobalSection
	GlobalSection(ProjectConfigurationPlatforms) = postSolution
		{355D9826-96C4-4D2E-B932-0B715A4D3E5E}.Debug|Any CPU.ActiveCfg = Debug|Any CPU
		{355D9826-96C4-4D2E-B932-0B715A4D3E5E}.Debug|Any CPU.Build.0 = Debug|Any CPU
		{355D9826-96C4-4D2E-B932-0B715A4D3E5E}.Release|Any CPU.ActiveCfg = Release|Any CPU
		{355D9826-96C4-4D2E-B932-0B715A4D3E5E}.Release|Any CPU.Build.0 = Release|Any CPU
		{2E6FD00A-0895-4F5B-868B-6061899312C6}.Debug|Any CPU.ActiveCfg = Debug|Any CPU
		{2E6FD00A-0895-4F5B-868B-6061899312C6}.Debug|Any CPU.Build.0 = Debug|Any CPU
		{2E6FD00A-0895-4F5B-868B-6061899312C6}.Release|Any CPU.ActiveCfg = Release|Any CPU
		{2E6FD00A-0895-4F5B-868B-6061899312C6}.Release|Any CPU.Build.0 = Release|Any CPU
	EndGlobalSection
	GlobalSection(SolutionProperties) = preSolution
		HideSolutionNode = FALSE
	EndGlobalSection
EndGlobal
